
Microsoft Visual Studio Solution File, Format Version 12.00
# Visual Studio Version 17
VisualStudioVersion = 17.11.35303.130
MinimumVisualStudioVersion = 10.0.40219.1
Project("{9A19103F-16F7-4668-BE54-9A1E7A4F7556}") = "AnyOrgOrPersonalUiTest", "AnyOrgOrPersonalUiTest\AnyOrgOrPersonalUiTest.csproj", "{2B42751A-8650-4DE4-9B46-B01C21825EB1}"
EndProject
Project("{9A19103F-16F7-4668-BE54-9A1E7A4F7556}") = "Common", "Common\Common.csproj", "{3074B729-52E8-408E-8BBC-815FE9217385}"
EndProject
Project("{2150E333-8FDC-42A3-9474-1A3956D46DE8}") = "Solution Items", "Solution Items", "{6A8B8F57-DBC6-43E2-84E7-16D24E54157B}"
	ProjectSection(SolutionItems) = preProject
		Directory.Build.props = Directory.Build.props
	EndProjectSection
EndProject
Project("{9A19103F-16F7-4668-BE54-9A1E7A4F7556}") = "B2CUiTest", "B2CUiTest\B2CUiTest.csproj", "{BF7D9973-9B92-4BED-ADE2-09087DDA9C85}"
EndProject
Project("{9A19103F-16F7-4668-BE54-9A1E7A4F7556}") = "GraphUserTokenCache", "GraphUserTokenCache\GraphUserTokenCache.csproj", "{B083D288-AB6E-4849-9AC2-E1DA1F727483}"
EndProject
Project("{FAE04EC0-301F-11D3-BF4B-00C04F79EFBC}") = "HybridFlowUiTest", "HybridFlowUiTest\HybridFlowUiTest.csproj", "{344CD55E-14C7-4999-A040-6C049F0070CB}"
EndProject
Global
	GlobalSection(SolutionConfigurationPlatforms) = preSolution
		Debug|Any CPU = Debug|Any CPU
		Release|Any CPU = Release|Any CPU
	EndGlobalSection
	GlobalSection(ProjectConfigurationPlatforms) = postSolution
		{2B42751A-8650-4DE4-9B46-B01C21825EB1}.Debug|Any CPU.ActiveCfg = Debug|Any CPU
		{2B42751A-8650-4DE4-9B46-B01C21825EB1}.Debug|Any CPU.Build.0 = Debug|Any CPU
		{2B42751A-8650-4DE4-9B46-B01C21825EB1}.Release|Any CPU.ActiveCfg = Release|Any CPU
		{2B42751A-8650-4DE4-9B46-B01C21825EB1}.Release|Any CPU.Build.0 = Release|Any CPU
		{3074B729-52E8-408E-8BBC-815FE9217385}.Debug|Any CPU.ActiveCfg = Debug|Any CPU
		{3074B729-52E8-408E-8BBC-815FE9217385}.Debug|Any CPU.Build.0 = Debug|Any CPU
		{3074B729-52E8-408E-8BBC-815FE9217385}.Release|Any CPU.ActiveCfg = Release|Any CPU
		{3074B729-52E8-408E-8BBC-815FE9217385}.Release|Any CPU.Build.0 = Release|Any CPU
		{BF7D9973-9B92-4BED-ADE2-09087DDA9C85}.Debug|Any CPU.ActiveCfg = Debug|Any CPU
		{BF7D9973-9B92-4BED-ADE2-09087DDA9C85}.Debug|Any CPU.Build.0 = Debug|Any CPU
		{BF7D9973-9B92-4BED-ADE2-09087DDA9C85}.Release|Any CPU.ActiveCfg = Release|Any CPU
		{BF7D9973-9B92-4BED-ADE2-09087DDA9C85}.Release|Any CPU.Build.0 = Release|Any CPU
		{B083D288-AB6E-4849-9AC2-E1DA1F727483}.Debug|Any CPU.ActiveCfg = Debug|Any CPU
		{B083D288-AB6E-4849-9AC2-E1DA1F727483}.Debug|Any CPU.Build.0 = Debug|Any CPU
		{B083D288-AB6E-4849-9AC2-E1DA1F727483}.Release|Any CPU.ActiveCfg = Release|Any CPU
		{B083D288-AB6E-4849-9AC2-E1DA1F727483}.Release|Any CPU.Build.0 = Release|Any CPU
		{344CD55E-14C7-4999-A040-6C049F0070CB}.Debug|Any CPU.ActiveCfg = Debug|Any CPU
		{344CD55E-14C7-4999-A040-6C049F0070CB}.Debug|Any CPU.Build.0 = Debug|Any CPU
		{344CD55E-14C7-4999-A040-6C049F0070CB}.Release|Any CPU.ActiveCfg = Release|Any CPU
		{344CD55E-14C7-4999-A040-6C049F0070CB}.Release|Any CPU.Build.0 = Release|Any CPU
	EndGlobalSection
	GlobalSection(SolutionProperties) = preSolution
		HideSolutionNode = FALSE
	EndGlobalSection
	GlobalSection(ExtensibilityGlobals) = postSolution
		SolutionGuid = {F7161FC1-9BC2-4CE4-B59C-504328CA6C7F}
	EndGlobalSection
EndGlobal
