
Microsoft Visual Studio Solution File, Format Version 12.00
# Visual Studio Version 16
VisualStudioVersion = 16.0.30413.136
MinimumVisualStudioVersion = 10.0.40219.1
Project("{9A19103F-16F7-4668-BE54-9A1E7A4F7556}") = "WebApp-OpenIDConnect-DotNet", "WebApp-OpenIDConnect-DotNet.csproj", "{76F9C1E5-3CF7-4C9A-A0EC-D15B5F11022D}"
EndProject
Global
	GlobalSection(SolutionConfigurationPlatforms) = preSolution
		Debug|Any CPU = Debug|Any CPU
		Release|Any CPU = Release|Any CPU
	EndGlobalSection
	GlobalSection(ProjectConfigurationPlatforms) = postSolution
		{76F9C1E5-3CF7-4C9A-A0EC-D15B5F11022D}.Debug|Any CPU.ActiveCfg = Debug|Any CPU
		{76F9C1E5-3CF7-4C9A-A0EC-D15B5F11022D}.Debug|Any CPU.Build.0 = Debug|Any CPU
		{76F9C1E5-3CF7-4C9A-A0EC-D15B5F11022D}.Release|Any CPU.ActiveCfg = Release|Any CPU
		{76F9C1E5-3CF7-4C9A-A0EC-D15B5F11022D}.Release|Any CPU.Build.0 = Release|Any CPU
	EndGlobalSection
	GlobalSection(SolutionProperties) = preSolution
		HideSolutionNode = FALSE
	EndGlobalSection
	GlobalSection(ExtensibilityGlobals) = postSolution
		SolutionGuid = {AB49E34F-5B62-4F54-BAEA-C6473483C761}
	EndGlobalSection
EndGlobal
