
Microsoft Visual Studio Solution File, Format Version 12.00
# Visual Studio 15
VisualStudioVersion = 15.0.26124.0
MinimumVisualStudioVersion = 15.0.26124.0
Project("{9A19103F-16F7-4668-BE54-9A1E7A4F7556}") = "Microsoft.Identity.Web", "..\..\Microsoft.Identity.Web\Microsoft.Identity.Web.csproj", "{146C3761-260F-4B90-BC72-76BDBB2004D0}"
EndProject
Project("{9A19103F-16F7-4668-BE54-9A1E7A4F7556}") = "WebApp-Cache-V2", "WebApp-Cache-V2\WebApp-Cache-V2.csproj", "{424C5D51-0C66-438B-A0C4-B6C33FE6D69A}"
EndProject
Global
	GlobalSection(SolutionConfigurationPlatforms) = preSolution
		Debug|Any CPU = Debug|Any CPU
		Debug|x64 = Debug|x64
		Debug|x86 = Debug|x86
		Release|Any CPU = Release|Any CPU
		Release|x64 = Release|x64
		Release|x86 = Release|x86
	EndGlobalSection
	GlobalSection(ProjectConfigurationPlatforms) = postSolution
		{146C3761-260F-4B90-BC72-76BDBB2004D0}.Debug|Any CPU.ActiveCfg = Debug|Any CPU
		{146C3761-260F-4B90-BC72-76BDBB2004D0}.Debug|Any CPU.Build.0 = Debug|Any CPU
		{146C3761-260F-4B90-BC72-76BDBB2004D0}.Debug|x64.ActiveCfg = Debug|Any CPU
		{146C3761-260F-4B90-BC72-76BDBB2004D0}.Debug|x64.Build.0 = Debug|Any CPU
		{146C3761-260F-4B90-BC72-76BDBB2004D0}.Debug|x86.ActiveCfg = Debug|Any CPU
		{146C3761-260F-4B90-BC72-76BDBB2004D0}.Debug|x86.Build.0 = Debug|Any CPU
		{146C3761-260F-4B90-BC72-76BDBB2004D0}.Release|Any CPU.ActiveCfg = Release|Any CPU
		{146C3761-260F-4B90-BC72-76BDBB2004D0}.Release|Any CPU.Build.0 = Release|Any CPU
		{146C3761-260F-4B90-BC72-76BDBB2004D0}.Release|x64.ActiveCfg = Release|Any CPU
		{146C3761-260F-4B90-BC72-76BDBB2004D0}.Release|x64.Build.0 = Release|Any CPU
		{146C3761-260F-4B90-BC72-76BDBB2004D0}.Release|x86.ActiveCfg = Release|Any CPU
		{146C3761-260F-4B90-BC72-76BDBB2004D0}.Release|x86.Build.0 = Release|Any CPU
		{424C5D51-0C66-438B-A0C4-B6C33FE6D69A}.Debug|Any CPU.ActiveCfg = Debug|Any CPU
		{424C5D51-0C66-438B-A0C4-B6C33FE6D69A}.Debug|Any CPU.Build.0 = Debug|Any CPU
		{424C5D51-0C66-438B-A0C4-B6C33FE6D69A}.Debug|x64.ActiveCfg = Debug|Any CPU
		{424C5D51-0C66-438B-A0C4-B6C33FE6D69A}.Debug|x64.Build.0 = Debug|Any CPU
		{424C5D51-0C66-438B-A0C4-B6C33FE6D69A}.Debug|x86.ActiveCfg = Debug|Any CPU
		{424C5D51-0C66-438B-A0C4-B6C33FE6D69A}.Debug|x86.Build.0 = Debug|Any CPU
		{424C5D51-0C66-438B-A0C4-B6C33FE6D69A}.Release|Any CPU.ActiveCfg = Release|Any CPU
		{424C5D51-0C66-438B-A0C4-B6C33FE6D69A}.Release|Any CPU.Build.0 = Release|Any CPU
		{424C5D51-0C66-438B-A0C4-B6C33FE6D69A}.Release|x64.ActiveCfg = Release|Any CPU
		{424C5D51-0C66-438B-A0C4-B6C33FE6D69A}.Release|x64.Build.0 = Release|Any CPU
		{424C5D51-0C66-438B-A0C4-B6C33FE6D69A}.Release|x86.ActiveCfg = Release|Any CPU
		{424C5D51-0C66-438B-A0C4-B6C33FE6D69A}.Release|x86.Build.0 = Release|Any CPU
	EndGlobalSection
	GlobalSection(SolutionProperties) = preSolution
		HideSolutionNode = FALSE
	EndGlobalSection
	GlobalSection(ExtensibilityGlobals) = postSolution
		SolutionGuid = {4EB6A7F8-3F4D-4ED7-AC06-81D70434C679}
	EndGlobalSection
EndGlobal
