
Microsoft Visual Studio Solution File, Format Version 12.00
# Visual Studio Version 17
VisualStudioVersion = 17.4.33110.190
MinimumVisualStudioVersion = 10.0.40219.1
Project("{FAE04EC0-301F-11D3-BF4B-00C04F79EFBC}") = "CallGraphBFF", "CallGraphBFF\CallGraphBFF.csproj", "{1E7F0004-16EB-42EB-89FF-31D6EBB1965E}"
EndProject
Global
	GlobalSection(SolutionConfigurationPlatforms) = preSolution
		Debug|Any CPU = Debug|Any CPU
		Release|Any CPU = Release|Any CPU
	EndGlobalSection
	GlobalSection(ProjectConfigurationPlatforms) = postSolution
		{1E7F0004-16EB-42EB-89FF-31D6EBB1965E}.Debug|Any CPU.ActiveCfg = Debug|Any CPU
		{1E7F0004-16EB-42EB-89FF-31D6EBB1965E}.Debug|Any CPU.Build.0 = Debug|Any CPU
		{1E7F0004-16EB-42EB-89FF-31D6EBB1965E}.Release|Any CPU.ActiveCfg = Release|Any CPU
		{1E7F0004-16EB-42EB-89FF-31D6EBB1965E}.Release|Any CPU.Build.0 = Release|Any CPU
	EndGlobalSection
	GlobalSection(SolutionProperties) = preSolution
		HideSolutionNode = FALSE
	EndGlobalSection
	GlobalSection(ExtensibilityGlobals) = postSolution
		SolutionGuid = {10F81A02-CFDA-4548-BC30-6B9CF963CE10}
	EndGlobalSection
EndGlobal
