
Microsoft Visual Studio Solution File, Format Version 12.00
# Visual Studio Version 16
VisualStudioVersion = 16.0.29123.89
MinimumVisualStudioVersion = 10.0.40219.1
Project("{9A19103F-16F7-4668-BE54-9A1E7A4F7556}") = "Microsoft.Identity.Web", "..\..\Microsoft.Identity.Web\Microsoft.Identity.Web.csproj", "{BE769DA7-BF80-469D-9801-A9E981238523}"
EndProject
Project("{9A19103F-16F7-4668-BE54-9A1E7A4F7556}") = "TodoListClient", "Client\TodoListClient.csproj", "{88B3F2C4-07CC-4077-B402-9738754125A7}"
EndProject
Project("{9A19103F-16F7-4668-BE54-9A1E7A4F7556}") = "TodoListService", "TodoListService\TodoListService.csproj", "{15924F6F-8C2D-4678-A22C-6C5A36EB9645}"
EndProject
Global
	GlobalSection(SolutionConfigurationPlatforms) = preSolution
		Debug|Any CPU = Debug|Any CPU
		Release|Any CPU = Release|Any CPU
	EndGlobalSection
	GlobalSection(ProjectConfigurationPlatforms) = postSolution
		{BE769DA7-BF80-469D-9801-A9E981238523}.Debug|Any CPU.ActiveCfg = Debug|Any CPU
		{BE769DA7-BF80-469D-9801-A9E981238523}.Debug|Any CPU.Build.0 = Debug|Any CPU
		{BE769DA7-BF80-469D-9801-A9E981238523}.Release|Any CPU.ActiveCfg = Release|Any CPU
		{BE769DA7-BF80-469D-9801-A9E981238523}.Release|Any CPU.Build.0 = Release|Any CPU
		{88B3F2C4-07CC-4077-B402-9738754125A7}.Debug|Any CPU.ActiveCfg = Debug|Any CPU
		{88B3F2C4-07CC-4077-B402-9738754125A7}.Debug|Any CPU.Build.0 = Debug|Any CPU
		{88B3F2C4-07CC-4077-B402-9738754125A7}.Release|Any CPU.ActiveCfg = Release|Any CPU
		{88B3F2C4-07CC-4077-B402-9738754125A7}.Release|Any CPU.Build.0 = Release|Any CPU
		{15924F6F-8C2D-4678-A22C-6C5A36EB9645}.Debug|Any CPU.ActiveCfg = Debug|Any CPU
		{15924F6F-8C2D-4678-A22C-6C5A36EB9645}.Debug|Any CPU.Build.0 = Debug|Any CPU
		{15924F6F-8C2D-4678-A22C-6C5A36EB9645}.Release|Any CPU.ActiveCfg = Release|Any CPU
		{15924F6F-8C2D-4678-A22C-6C5A36EB9645}.Release|Any CPU.Build.0 = Release|Any CPU
	EndGlobalSection
	GlobalSection(SolutionProperties) = preSolution
		HideSolutionNode = FALSE
	EndGlobalSection
	GlobalSection(ExtensibilityGlobals) = postSolution
		SolutionGuid = {4FC144FA-5678-428C-B5B7-E2A88ADE849D}
	EndGlobalSection
EndGlobal
